{
  "version": 4,
  "terraform_version": "0.12.24",
  "serial": 7,
  "lineage": "4d29934a-ce02-91cb-eca9-398ebbdc60c4",
  "outputs": {
    "rg_id": {
      "value": "/subscriptions/2635cea8-9dd2-4765-b618-e104d6c52c59/resourceGroups/dummy_rg",
      "type": "string"
    }
  },
  "resources": [
    {
      "mode": "managed",
      "type": "azurerm_network_ddos_protection_plan",
      "name": "ddos_p_plan",
      "provider": "provider.azurerm",
      "instances": [
        {
          "schema_version": 0,
          "attributes": {
            "id": "/subscriptions/2635cea8-9dd2-4765-b618-e104d6c52c59/resourceGroups/dummy_rg/providers/Microsoft.Network/ddosProtectionPlans/ddospplan1",
            "location": "eastus2",
            "name": "ddospplan1",
            "resource_group_name": "dummy_rg",
            "tags": null,
            "timeouts": null,
            "virtual_network_ids": []
          },
          "private": "eyJlMmJmYjczMC1lY2FhLTExZTYtOGY4OC0zNDM2M2JjN2M0YzAiOnsiY3JlYXRlIjoxODAwMDAwMDAwMDAwLCJkZWxldGUiOjE4MDAwMDAwMDAwMDAsInJlYWQiOjMwMDAwMDAwMDAwMCwidXBkYXRlIjoxODAwMDAwMDAwMDAwfX0=",
          "dependencies": [
            "azurerm_resource_group.rgs"
          ]
        }
      ]
    },
    {
      "mode": "managed",
      "type": "azurerm_network_security_group",
      "name": "sec_grp",
      "provider": "provider.azurerm",
      "instances": [
        {
          "schema_version": 0,
          "attributes": {
            "id": "/subscriptions/2635cea8-9dd2-4765-b618-e104d6c52c59/resourceGroups/dummy_rg/providers/Microsoft.Network/networkSecurityGroups/acceptanceTestSecurityGroup1",
            "location": "eastus2",
            "name": "acceptanceTestSecurityGroup1",
            "resource_group_name": "dummy_rg",
            "security_rule": [],
            "tags": null,
            "timeouts": null
          },
          "private": "eyJlMmJmYjczMC1lY2FhLTExZTYtOGY4OC0zNDM2M2JjN2M0YzAiOnsiY3JlYXRlIjoxODAwMDAwMDAwMDAwLCJkZWxldGUiOjE4MDAwMDAwMDAwMDAsInJlYWQiOjMwMDAwMDAwMDAwMCwidXBkYXRlIjoxODAwMDAwMDAwMDAwfX0=",
          "dependencies": [
            "azurerm_resource_group.rgs"
          ]
        }
      ]
    },
    {
      "mode": "managed",
      "type": "azurerm_resource_group",
      "name": "rgs",
      "provider": "provider.azurerm",
      "instances": [
        {
          "schema_version": 0,
          "attributes": {
            "id": "/subscriptions/2635cea8-9dd2-4765-b618-e104d6c52c59/resourceGroups/dummy_rg",
            "location": "eastus2",
            "name": "dummy_rg",
            "tags": {},
            "timeouts": null
          },
          "private": "eyJlMmJmYjczMC1lY2FhLTExZTYtOGY4OC0zNDM2M2JjN2M0YzAiOnsiY3JlYXRlIjo1NDAwMDAwMDAwMDAwLCJkZWxldGUiOjU0MDAwMDAwMDAwMDAsInJlYWQiOjMwMDAwMDAwMDAwMCwidXBkYXRlIjo1NDAwMDAwMDAwMDAwfX0="
        }
      ]
    },
    {
      "mode": "managed",
      "type": "azurerm_virtual_network",
      "name": "virt_net",
      "provider": "provider.azurerm",
      "instances": [
        {
          "schema_version": 0,
          "attributes": {
            "address_space": [
              "10.0.0.0/16"
            ],
            "ddos_protection_plan": [
              {
                "enable": true,
                "id": "/subscriptions/2635cea8-9dd2-4765-b618-e104d6c52c59/resourceGroups/dummy_rg/providers/Microsoft.Network/ddosProtectionPlans/ddospplan1"
              }
            ],
            "dns_servers": [
              "10.0.0.4",
              "10.0.0.5"
            ],
            "guid": "b2120f7d-111e-4126-8f04-01f0d3118aac",
            "id": "/subscriptions/2635cea8-9dd2-4765-b618-e104d6c52c59/resourceGroups/dummy_rg/providers/Microsoft.Network/virtualNetworks/dummy_vir_net",
            "location": "eastus2",
            "name": "dummy_vir_net",
            "resource_group_name": "dummy_rg",
            "subnet": [
              {
                "address_prefix": "10.0.1.0/24",
                "id": "/subscriptions/2635cea8-9dd2-4765-b618-e104d6c52c59/resourceGroups/dummy_rg/providers/Microsoft.Network/virtualNetworks/dummy_vir_net/subnets/subnet1",
                "name": "subnet1",
                "security_group": ""
              },
              {
                "address_prefix": "10.0.2.0/24",
                "id": "/subscriptions/2635cea8-9dd2-4765-b618-e104d6c52c59/resourceGroups/dummy_rg/providers/Microsoft.Network/virtualNetworks/dummy_vir_net/subnets/subnet2",
                "name": "subnet2",
                "security_group": ""
              },
              {
                "address_prefix": "10.0.3.0/24",
                "id": "/subscriptions/2635cea8-9dd2-4765-b618-e104d6c52c59/resourceGroups/dummy_rg/providers/Microsoft.Network/virtualNetworks/dummy_vir_net/subnets/subnet3",
                "name": "subnet3",
                "security_group": "/subscriptions/2635cea8-9dd2-4765-b618-e104d6c52c59/resourceGroups/dummy_rg/providers/Microsoft.Network/networkSecurityGroups/acceptanceTestSecurityGroup1"
              }
            ],
            "tags": {
              "environment": "learning"
            },
            "timeouts": null
          },
          "private": "eyJlMmJmYjczMC1lY2FhLTExZTYtOGY4OC0zNDM2M2JjN2M0YzAiOnsiY3JlYXRlIjoxODAwMDAwMDAwMDAwLCJkZWxldGUiOjE4MDAwMDAwMDAwMDAsInJlYWQiOjMwMDAwMDAwMDAwMCwidXBkYXRlIjoxODAwMDAwMDAwMDAwfX0=",
          "dependencies": [
            "azurerm_network_ddos_protection_plan.ddos_p_plan",
            "azurerm_network_security_group.sec_grp",
            "azurerm_resource_group.rgs"
          ]
        }
      ]
    }
  ]
}
