{
  "version": 4,
  "terraform_version": "0.12.24",
  "serial": 7,
  "lineage": "97112cbd-1c06-12af-e706-5669744a5d49",
  "outputs": {
    "resource_group_id": {
      "value": "/subscriptions/f35370fc-f13b-4974-8554-ba181e1694c2/resourceGroups/dummy_rg",
      "type": "string"
    },
    "tf_backend_container_name": {
      "value": "tfbackendtj511",
      "type": "string"
    },
    "tf_backend_id": {
      "value": "/subscriptions/f35370fc-f13b-4974-8554-ba181e1694c2/resourceGroups/dummy_rg/providers/Microsoft.Storage/storageAccounts/tfbackendtj511",
      "type": "string"
    },
    "vNet_name": {
      "value": "dummy_vir_net",
      "type": "string"
    }
  },
  "resources": [
    {
      "mode": "managed",
      "type": "azurerm_resource_group",
      "name": "rgs",
      "provider": "provider.azurerm",
      "instances": [
        {
          "schema_version": 0,
          "attributes": {
            "id": "/subscriptions/f35370fc-f13b-4974-8554-ba181e1694c2/resourceGroups/dummy_rg",
            "location": "eastus2",
            "name": "dummy_rg",
            "tags": {},
            "timeouts": null
          },
          "private": "eyJlMmJmYjczMC1lY2FhLTExZTYtOGY4OC0zNDM2M2JjN2M0YzAiOnsiY3JlYXRlIjo1NDAwMDAwMDAwMDAwLCJkZWxldGUiOjU0MDAwMDAwMDAwMDAsInJlYWQiOjMwMDAwMDAwMDAwMCwidXBkYXRlIjo1NDAwMDAwMDAwMDAwfX0="
        }
      ]
    },
    {
      "mode": "managed",
      "type": "azurerm_storage_account",
      "name": "tfbackend",
      "provider": "provider.azurerm",
      "instances": [
        {
          "schema_version": 2,
          "attributes": {
            "access_tier": "Hot",
            "account_kind": "StorageV2",
            "account_replication_type": "GRS",
            "account_tier": "Standard",
            "blob_properties": [],
            "custom_domain": [],
            "enable_https_traffic_only": true,
            "id": "/subscriptions/f35370fc-f13b-4974-8554-ba181e1694c2/resourceGroups/dummy_rg/providers/Microsoft.Storage/storageAccounts/tfbackendtj511",
            "identity": [],
            "is_hns_enabled": false,
            "location": "eastus2",
            "name": "tfbackendtj511",
            "network_rules": [
              {
                "bypass": [
                  "AzureServices"
                ],
                "default_action": "Allow",
                "ip_rules": [],
                "virtual_network_subnet_ids": []
              }
            ],
            "primary_access_key": "LLcQCf+yTs7PwZILn/hbiMxALx6B0iYCyuAPEG3dIsECG/3zD4ku3KzI4UaUCGiTj+IJX/YXDLD9flLsxqkqJg==",
            "primary_blob_connection_string": "DefaultEndpointsProtocol=https;BlobEndpoint=https://tfbackendtj511.blob.core.windows.net/;AccountName=tfbackendtj511;AccountKey=LLcQCf+yTs7PwZILn/hbiMxALx6B0iYCyuAPEG3dIsECG/3zD4ku3KzI4UaUCGiTj+IJX/YXDLD9flLsxqkqJg==",
            "primary_blob_endpoint": "https://tfbackendtj511.blob.core.windows.net/",
            "primary_blob_host": "tfbackendtj511.blob.core.windows.net",
            "primary_connection_string": "DefaultEndpointsProtocol=https;AccountName=tfbackendtj511;AccountKey=LLcQCf+yTs7PwZILn/hbiMxALx6B0iYCyuAPEG3dIsECG/3zD4ku3KzI4UaUCGiTj+IJX/YXDLD9flLsxqkqJg==;EndpointSuffix=core.windows.net",
            "primary_dfs_endpoint": "https://tfbackendtj511.dfs.core.windows.net/",
            "primary_dfs_host": "tfbackendtj511.dfs.core.windows.net",
            "primary_file_endpoint": "https://tfbackendtj511.file.core.windows.net/",
            "primary_file_host": "tfbackendtj511.file.core.windows.net",
            "primary_location": "eastus2",
            "primary_queue_endpoint": "https://tfbackendtj511.queue.core.windows.net/",
            "primary_queue_host": "tfbackendtj511.queue.core.windows.net",
            "primary_table_endpoint": "https://tfbackendtj511.table.core.windows.net/",
            "primary_table_host": "tfbackendtj511.table.core.windows.net",
            "primary_web_endpoint": "https://tfbackendtj511.z20.web.core.windows.net/",
            "primary_web_host": "tfbackendtj511.z20.web.core.windows.net",
            "queue_properties": [
              {
                "cors_rule": [],
                "hour_metrics": [
                  {
                    "enabled": true,
                    "include_apis": true,
                    "retention_policy_days": 7,
                    "version": "1.0"
                  }
                ],
                "logging": [
                  {
                    "delete": false,
                    "read": false,
                    "retention_policy_days": 0,
                    "version": "1.0",
                    "write": false
                  }
                ],
                "minute_metrics": [
                  {
                    "enabled": false,
                    "include_apis": false,
                    "retention_policy_days": 0,
                    "version": "1.0"
                  }
                ]
              }
            ],
            "resource_group_name": "dummy_rg",
            "secondary_access_key": "3kh0UetsXc6G2vbU5oRyKj06QKpUd93v+kbK7MS+BDCzbCwISxqHn8QCsdLhfKHZLPx4NusgOKv1BlTE3I2+cw==",
            "secondary_blob_connection_string": "",
            "secondary_blob_endpoint": null,
            "secondary_blob_host": null,
            "secondary_connection_string": "DefaultEndpointsProtocol=https;AccountName=tfbackendtj511;AccountKey=3kh0UetsXc6G2vbU5oRyKj06QKpUd93v+kbK7MS+BDCzbCwISxqHn8QCsdLhfKHZLPx4NusgOKv1BlTE3I2+cw==;EndpointSuffix=core.windows.net",
            "secondary_dfs_endpoint": null,
            "secondary_dfs_host": null,
            "secondary_file_endpoint": null,
            "secondary_file_host": null,
            "secondary_location": "centralus",
            "secondary_queue_endpoint": null,
            "secondary_queue_host": null,
            "secondary_table_endpoint": null,
            "secondary_table_host": null,
            "secondary_web_endpoint": null,
            "secondary_web_host": null,
            "static_website": [],
            "tags": {},
            "timeouts": null
          },
          "private": "eyJlMmJmYjczMC1lY2FhLTExZTYtOGY4OC0zNDM2M2JjN2M0YzAiOnsiY3JlYXRlIjozNjAwMDAwMDAwMDAwLCJkZWxldGUiOjM2MDAwMDAwMDAwMDAsInJlYWQiOjMwMDAwMDAwMDAwMCwidXBkYXRlIjozNjAwMDAwMDAwMDAwfSwic2NoZW1hX3ZlcnNpb24iOiIyIn0=",
          "dependencies": [
            "azurerm_resource_group.rgs"
          ]
        }
      ]
    },
    {
      "mode": "managed",
      "type": "azurerm_storage_container",
      "name": "tfbackendcontainer",
      "provider": "provider.azurerm",
      "instances": [
        {
          "schema_version": 1,
          "attributes": {
            "container_access_type": "container",
            "has_immutability_policy": false,
            "has_legal_hold": false,
            "id": "https://tfbackendtj511.blob.core.windows.net/tfbackendtj511",
            "metadata": {},
            "name": "tfbackendtj511",
            "resource_manager_id": "/subscriptions/f35370fc-f13b-4974-8554-ba181e1694c2/resourceGroups/dummy_rg/providers/Microsoft.Storage/storageAccounts/tfbackendtj511/blobServices/default/containers/tfbackendtj511",
            "storage_account_name": "tfbackendtj511",
            "timeouts": null
          },
          "private": "eyJlMmJmYjczMC1lY2FhLTExZTYtOGY4OC0zNDM2M2JjN2M0YzAiOnsiY3JlYXRlIjoxODAwMDAwMDAwMDAwLCJkZWxldGUiOjE4MDAwMDAwMDAwMDAsInJlYWQiOjMwMDAwMDAwMDAwMCwidXBkYXRlIjoxODAwMDAwMDAwMDAwfSwic2NoZW1hX3ZlcnNpb24iOiIxIn0=",
          "dependencies": [
            "azurerm_storage_account.tfbackend"
          ]
        }
      ]
    },
    {
      "mode": "managed",
      "type": "azurerm_virtual_network",
      "name": "virt_net",
      "provider": "provider.azurerm",
      "instances": [
        {
          "schema_version": 0,
          "attributes": {
            "address_space": [
              "10.0.0.0/16"
            ],
            "ddos_protection_plan": [],
            "dns_servers": [
              "10.0.0.4",
              "10.0.0.5"
            ],
            "guid": "5aa59093-317c-4a46-a7dd-496ac90a1736",
            "id": "/subscriptions/f35370fc-f13b-4974-8554-ba181e1694c2/resourceGroups/dummy_rg/providers/Microsoft.Network/virtualNetworks/dummy_vir_net",
            "location": "eastus2",
            "name": "dummy_vir_net",
            "resource_group_name": "dummy_rg",
            "subnet": [
              {
                "address_prefix": "10.0.1.0/24",
                "id": "/subscriptions/f35370fc-f13b-4974-8554-ba181e1694c2/resourceGroups/dummy_rg/providers/Microsoft.Network/virtualNetworks/dummy_vir_net/subnets/subnet1",
                "name": "subnet1",
                "security_group": ""
              },
              {
                "address_prefix": "10.0.2.0/24",
                "id": "/subscriptions/f35370fc-f13b-4974-8554-ba181e1694c2/resourceGroups/dummy_rg/providers/Microsoft.Network/virtualNetworks/dummy_vir_net/subnets/subnet2",
                "name": "subnet2",
                "security_group": ""
              },
              {
                "address_prefix": "10.0.3.0/24",
                "id": "/subscriptions/f35370fc-f13b-4974-8554-ba181e1694c2/resourceGroups/dummy_rg/providers/Microsoft.Network/virtualNetworks/dummy_vir_net/subnets/subnet3",
                "name": "subnet3",
                "security_group": ""
              }
            ],
            "tags": {
              "environment": "learning"
            },
            "timeouts": null
          },
          "private": "eyJlMmJmYjczMC1lY2FhLTExZTYtOGY4OC0zNDM2M2JjN2M0YzAiOnsiY3JlYXRlIjoxODAwMDAwMDAwMDAwLCJkZWxldGUiOjE4MDAwMDAwMDAwMDAsInJlYWQiOjMwMDAwMDAwMDAwMCwidXBkYXRlIjoxODAwMDAwMDAwMDAwfX0=",
          "dependencies": [
            "azurerm_resource_group.rgs"
          ]
        }
      ]
    }
  ]
}
