{
  "version": 4,
  "terraform_version": "0.12.24",
  "serial": 13,
  "lineage": "4d29934a-ce02-91cb-eca9-398ebbdc60c4",
  "outputs": {
    "resource_group_id": {
      "value": "/subscriptions/2635cea8-9dd2-4765-b618-e104d6c52c59/resourceGroups/dummy_rg",
      "type": "string"
    },
    "tf_backend_id": {
      "value": "/subscriptions/2635cea8-9dd2-4765-b618-e104d6c52c59/resourceGroups/dummy_rg/providers/Microsoft.Storage/storageAccounts/tfbackendtj",
      "type": "string"
    },
    "vNet_name": {
      "value": "dummy_vir_net",
      "type": "string"
    }
  },
  "resources": [
    {
      "mode": "managed",
      "type": "azurerm_network_security_group",
      "name": "sec_grp",
      "provider": "provider.azurerm",
      "instances": [
        {
          "schema_version": 0,
          "attributes": {
            "id": "/subscriptions/2635cea8-9dd2-4765-b618-e104d6c52c59/resourceGroups/dummy_rg/providers/Microsoft.Network/networkSecurityGroups/acceptanceTestSecurityGroup1",
            "location": "eastus2",
            "name": "acceptanceTestSecurityGroup1",
            "resource_group_name": "dummy_rg",
            "security_rule": [],
            "tags": {},
            "timeouts": null
          },
          "private": "eyJlMmJmYjczMC1lY2FhLTExZTYtOGY4OC0zNDM2M2JjN2M0YzAiOnsiY3JlYXRlIjoxODAwMDAwMDAwMDAwLCJkZWxldGUiOjE4MDAwMDAwMDAwMDAsInJlYWQiOjMwMDAwMDAwMDAwMCwidXBkYXRlIjoxODAwMDAwMDAwMDAwfX0=",
          "dependencies": [
            "azurerm_resource_group.rgs"
          ]
        }
      ]
    },
    {
      "mode": "managed",
      "type": "azurerm_resource_group",
      "name": "rgs",
      "provider": "provider.azurerm",
      "instances": [
        {
          "schema_version": 0,
          "attributes": {
            "id": "/subscriptions/2635cea8-9dd2-4765-b618-e104d6c52c59/resourceGroups/dummy_rg",
            "location": "eastus2",
            "name": "dummy_rg",
            "tags": {},
            "timeouts": null
          },
          "private": "eyJlMmJmYjczMC1lY2FhLTExZTYtOGY4OC0zNDM2M2JjN2M0YzAiOnsiY3JlYXRlIjo1NDAwMDAwMDAwMDAwLCJkZWxldGUiOjU0MDAwMDAwMDAwMDAsInJlYWQiOjMwMDAwMDAwMDAwMCwidXBkYXRlIjo1NDAwMDAwMDAwMDAwfX0="
        }
      ]
    },
    {
      "mode": "managed",
      "type": "azurerm_storage_account",
      "name": "tfbackend",
      "provider": "provider.azurerm",
      "instances": [
        {
          "schema_version": 2,
          "attributes": {
            "access_tier": "Hot",
            "account_kind": "StorageV2",
            "account_replication_type": "GRS",
            "account_tier": "Standard",
            "blob_properties": [],
            "custom_domain": [],
            "enable_https_traffic_only": true,
            "id": "/subscriptions/2635cea8-9dd2-4765-b618-e104d6c52c59/resourceGroups/dummy_rg/providers/Microsoft.Storage/storageAccounts/tfbackendtj",
            "identity": [],
            "is_hns_enabled": false,
            "location": "eastus2",
            "name": "tfbackendtj",
            "network_rules": [
              {
                "bypass": [
                  "AzureServices"
                ],
                "default_action": "Allow",
                "ip_rules": [],
                "virtual_network_subnet_ids": []
              }
            ],
            "primary_access_key": "otq7v4OvdYp3WN1p9pt4Xdrb1faBOe6KjZTCSkYkdtsKVkGZ2jnilJbWbOZJO3oK6iJMHcihaGFJad1KTYOfww==",
            "primary_blob_connection_string": "DefaultEndpointsProtocol=https;BlobEndpoint=https://tfbackendtj.blob.core.windows.net/;AccountName=tfbackendtj;AccountKey=otq7v4OvdYp3WN1p9pt4Xdrb1faBOe6KjZTCSkYkdtsKVkGZ2jnilJbWbOZJO3oK6iJMHcihaGFJad1KTYOfww==",
            "primary_blob_endpoint": "https://tfbackendtj.blob.core.windows.net/",
            "primary_blob_host": "tfbackendtj.blob.core.windows.net",
            "primary_connection_string": "DefaultEndpointsProtocol=https;AccountName=tfbackendtj;AccountKey=otq7v4OvdYp3WN1p9pt4Xdrb1faBOe6KjZTCSkYkdtsKVkGZ2jnilJbWbOZJO3oK6iJMHcihaGFJad1KTYOfww==;EndpointSuffix=core.windows.net",
            "primary_dfs_endpoint": "https://tfbackendtj.dfs.core.windows.net/",
            "primary_dfs_host": "tfbackendtj.dfs.core.windows.net",
            "primary_file_endpoint": "https://tfbackendtj.file.core.windows.net/",
            "primary_file_host": "tfbackendtj.file.core.windows.net",
            "primary_location": "eastus2",
            "primary_queue_endpoint": "https://tfbackendtj.queue.core.windows.net/",
            "primary_queue_host": "tfbackendtj.queue.core.windows.net",
            "primary_table_endpoint": "https://tfbackendtj.table.core.windows.net/",
            "primary_table_host": "tfbackendtj.table.core.windows.net",
            "primary_web_endpoint": "https://tfbackendtj.z20.web.core.windows.net/",
            "primary_web_host": "tfbackendtj.z20.web.core.windows.net",
            "queue_properties": [
              {
                "cors_rule": [],
                "hour_metrics": [
                  {
                    "enabled": true,
                    "include_apis": true,
                    "retention_policy_days": 7,
                    "version": "1.0"
                  }
                ],
                "logging": [
                  {
                    "delete": false,
                    "read": false,
                    "retention_policy_days": 0,
                    "version": "1.0",
                    "write": false
                  }
                ],
                "minute_metrics": [
                  {
                    "enabled": false,
                    "include_apis": false,
                    "retention_policy_days": 0,
                    "version": "1.0"
                  }
                ]
              }
            ],
            "resource_group_name": "dummy_rg",
            "secondary_access_key": "m2WTbpLmjnBktQF9OWjn/5M1jXwnilb/Q5hbTi4ftvAUNf3lw4OkCjKuyBOdnAOCjgCmwLRlXvIcR2poKK5XJA==",
            "secondary_blob_connection_string": "",
            "secondary_blob_endpoint": null,
            "secondary_blob_host": null,
            "secondary_connection_string": "DefaultEndpointsProtocol=https;AccountName=tfbackendtj;AccountKey=m2WTbpLmjnBktQF9OWjn/5M1jXwnilb/Q5hbTi4ftvAUNf3lw4OkCjKuyBOdnAOCjgCmwLRlXvIcR2poKK5XJA==;EndpointSuffix=core.windows.net",
            "secondary_dfs_endpoint": null,
            "secondary_dfs_host": null,
            "secondary_file_endpoint": null,
            "secondary_file_host": null,
            "secondary_location": "centralus",
            "secondary_queue_endpoint": null,
            "secondary_queue_host": null,
            "secondary_table_endpoint": null,
            "secondary_table_host": null,
            "secondary_web_endpoint": null,
            "secondary_web_host": null,
            "static_website": [],
            "tags": null,
            "timeouts": null
          },
          "private": "eyJlMmJmYjczMC1lY2FhLTExZTYtOGY4OC0zNDM2M2JjN2M0YzAiOnsiY3JlYXRlIjozNjAwMDAwMDAwMDAwLCJkZWxldGUiOjM2MDAwMDAwMDAwMDAsInJlYWQiOjMwMDAwMDAwMDAwMCwidXBkYXRlIjozNjAwMDAwMDAwMDAwfSwic2NoZW1hX3ZlcnNpb24iOiIyIn0=",
          "dependencies": [
            "azurerm_resource_group.rgs"
          ]
        }
      ]
    },
    {
      "mode": "managed",
      "type": "azurerm_virtual_network",
      "name": "virt_net",
      "provider": "provider.azurerm",
      "instances": [
        {
          "schema_version": 0,
          "attributes": {
            "address_space": [
              "10.0.0.0/16"
            ],
            "ddos_protection_plan": [],
            "dns_servers": [
              "10.0.0.4",
              "10.0.0.5"
            ],
            "guid": "b2120f7d-111e-4126-8f04-01f0d3118aac",
            "id": "/subscriptions/2635cea8-9dd2-4765-b618-e104d6c52c59/resourceGroups/dummy_rg/providers/Microsoft.Network/virtualNetworks/dummy_vir_net",
            "location": "eastus2",
            "name": "dummy_vir_net",
            "resource_group_name": "dummy_rg",
            "subnet": [
              {
                "address_prefix": "10.0.1.0/24",
                "id": "/subscriptions/2635cea8-9dd2-4765-b618-e104d6c52c59/resourceGroups/dummy_rg/providers/Microsoft.Network/virtualNetworks/dummy_vir_net/subnets/subnet1",
                "name": "subnet1",
                "security_group": ""
              },
              {
                "address_prefix": "10.0.2.0/24",
                "id": "/subscriptions/2635cea8-9dd2-4765-b618-e104d6c52c59/resourceGroups/dummy_rg/providers/Microsoft.Network/virtualNetworks/dummy_vir_net/subnets/subnet2",
                "name": "subnet2",
                "security_group": ""
              },
              {
                "address_prefix": "10.0.3.0/24",
                "id": "/subscriptions/2635cea8-9dd2-4765-b618-e104d6c52c59/resourceGroups/dummy_rg/providers/Microsoft.Network/virtualNetworks/dummy_vir_net/subnets/subnet3",
                "name": "subnet3",
                "security_group": "/subscriptions/2635cea8-9dd2-4765-b618-e104d6c52c59/resourceGroups/dummy_rg/providers/Microsoft.Network/networkSecurityGroups/acceptanceTestSecurityGroup1"
              }
            ],
            "tags": {
              "environment": "learning"
            },
            "timeouts": null
          },
          "private": "eyJlMmJmYjczMC1lY2FhLTExZTYtOGY4OC0zNDM2M2JjN2M0YzAiOnsiY3JlYXRlIjoxODAwMDAwMDAwMDAwLCJkZWxldGUiOjE4MDAwMDAwMDAwMDAsInJlYWQiOjMwMDAwMDAwMDAwMCwidXBkYXRlIjoxODAwMDAwMDAwMDAwfX0=",
          "dependencies": [
            "azurerm_network_ddos_protection_plan.ddos_p_plan",
            "azurerm_network_security_group.sec_grp",
            "azurerm_resource_group.rgs"
          ]
        }
      ]
    }
  ]
}
